
Microsoft Visual Studio Solution File, Format Version 12.00
# Visual Studio Version 17
VisualStudioVersion = 17.4.33110.190
MinimumVisualStudioVersion = 10.0.40219.1
Project("{FAE04EC0-301F-11D3-BF4B-00C04F79EFBC}") = "task5mvc", "task5mvc\task5mvc.csproj", "{EB0A9F6A-C3E8-44B6-A239-188C6B8AC00C}"
EndProject
Global
	GlobalSection(SolutionConfigurationPlatforms) = preSolution
		Debug|Any CPU = Debug|Any CPU
		Release|Any CPU = Release|Any CPU
	EndGlobalSection
	GlobalSection(ProjectConfigurationPlatforms) = postSolution
		{EB0A9F6A-C3E8-44B6-A239-188C6B8AC00C}.Debug|Any CPU.ActiveCfg = Debug|Any CPU
		{EB0A9F6A-C3E8-44B6-A239-188C6B8AC00C}.Debug|Any CPU.Build.0 = Debug|Any CPU
		{EB0A9F6A-C3E8-44B6-A239-188C6B8AC00C}.Release|Any CPU.ActiveCfg = Release|Any CPU
		{EB0A9F6A-C3E8-44B6-A239-188C6B8AC00C}.Release|Any CPU.Build.0 = Release|Any CPU
	EndGlobalSection
	GlobalSection(SolutionProperties) = preSolution
		HideSolutionNode = FALSE
	EndGlobalSection
	GlobalSection(ExtensibilityGlobals) = postSolution
		SolutionGuid = {1A5DC157-4EBF-4FF5-B742-B668EC7AEFBB}
	EndGlobalSection
EndGlobal
