
Microsoft Visual Studio Solution File, Format Version 12.00
# Visual Studio Version 17
VisualStudioVersion = 17.4.33110.190
MinimumVisualStudioVersion = 10.0.40219.1
Project("{FAE04EC0-301F-11D3-BF4B-00C04F79EFBC}") = "task6mvc", "task6mvc\task6mvc.csproj", "{B0619452-1157-44A0-A474-4294977B23A1}"
EndProject
Global
	GlobalSection(SolutionConfigurationPlatforms) = preSolution
		Debug|Any CPU = Debug|Any CPU
		Release|Any CPU = Release|Any CPU
	EndGlobalSection
	GlobalSection(ProjectConfigurationPlatforms) = postSolution
		{B0619452-1157-44A0-A474-4294977B23A1}.Debug|Any CPU.ActiveCfg = Debug|Any CPU
		{B0619452-1157-44A0-A474-4294977B23A1}.Debug|Any CPU.Build.0 = Debug|Any CPU
		{B0619452-1157-44A0-A474-4294977B23A1}.Release|Any CPU.ActiveCfg = Release|Any CPU
		{B0619452-1157-44A0-A474-4294977B23A1}.Release|Any CPU.Build.0 = Release|Any CPU
	EndGlobalSection
	GlobalSection(SolutionProperties) = preSolution
		HideSolutionNode = FALSE
	EndGlobalSection
	GlobalSection(ExtensibilityGlobals) = postSolution
		SolutionGuid = {EF74F9E3-FF49-4545-A527-CE7C4B92EDAE}
	EndGlobalSection
EndGlobal
